// !$*UTF8*$!
{
	archiveVersion = 1;
	classes = {
	};
	objectVersion = 46;
	objects = {

/* Begin PBXBuildFile section */
		82281CF41950029E0040F7A5 /* Foundation.framework in Frameworks */ = {isa = PBXBuildFile; fileRef = 82281CF31950029E0040F7A5 /* Foundation.framework */; };
		82281CF61950029E0040F7A5 /* CoreGraphics.framework in Frameworks */ = {isa = PBXBuildFile; fileRef = 82281CF51950029E0040F7A5 /* CoreGraphics.framework */; };
		82281CF81950029E0040F7A5 /* UIKit.framework in Frameworks */ = {isa = PBXBuildFile; fileRef = 82281CF71950029E0040F7A5 /* UIKit.framework */; };
		82281CFE1950029E0040F7A5 /* InfoPlist.strings in Resources */ = {isa = PBXBuildFile; fileRef = 82281CFC1950029E0040F7A5 /* InfoPlist.strings */; };
		82281D001950029E0040F7A5 /* main.m in Sources */ = {isa = PBXBuildFile; fileRef = 82281CFF1950029E0040F7A5 /* main.m */; };
		82281D041950029E0040F7A5 /* AppDelegate.m in Sources */ = {isa = PBXBuildFile; fileRef = 82281D031950029E0040F7A5 /* AppDelegate.m */; };
		82281D071950029E0040F7A5 /* Main_iPhone.storyboard in Resources */ = {isa = PBXBuildFile; fileRef = 82281D051950029E0040F7A5 /* Main_iPhone.storyboard */; };
		82281D0A1950029E0040F7A5 /* Main_iPad.storyboard in Resources */ = {isa = PBXBuildFile; fileRef = 82281D081950029E0040F7A5 /* Main_iPad.storyboard */; };
		82281D0D1950029E0040F7A5 /* ViewController.m in Sources */ = {isa = PBXBuildFile; fileRef = 82281D0C1950029E0040F7A5 /* ViewController.m */; };
		82281D0F1950029E0040F7A5 /* Images.xcassets in Resources */ = {isa = PBXBuildFile; fileRef = 82281D0E1950029E0040F7A5 /* Images.xcassets */; };
		82281D161950029E0040F7A5 /* XCTest.framework in Frameworks */ = {isa = PBXBuildFile; fileRef = 82281D151950029E0040F7A5 /* XCTest.framework */; };
		82281D171950029E0040F7A5 /* Foundation.framework in Frameworks */ = {isa = PBXBuildFile; fileRef = 82281CF31950029E0040F7A5 /* Foundation.framework */; };
		82281D181950029E0040F7A5 /* UIKit.framework in Frameworks */ = {isa = PBXBuildFile; fileRef = 82281CF71950029E0040F7A5 /* UIKit.framework */; };
		82281D201950029E0040F7A5 /* InfoPlist.strings in Resources */ = {isa = PBXBuildFile; fileRef = 82281D1E1950029E0040F7A5 /* InfoPlist.strings */; };
		82281D221950029E0040F7A5 /* project2Tests.m in Sources */ = {isa = PBXBuildFile; fileRef = 82281D211950029E0040F7A5 /* project2Tests.m */; };
/* End PBXBuildFile section */

/* Begin PBXContainerItemProxy section */
		82281D191950029E0040F7A5 /* PBXContainerItemProxy */ = {
			isa = PBXContainerItemProxy;
			containerPortal = 82281CE81950029E0040F7A5 /* Project object */;
			proxyType = 1;
			remoteGlobalIDString = 82281CEF1950029E0040F7A5;
			remoteInfo = project2;
		};
/* End PBXContainerItemProxy section */

/* Begin PBXFileReference section */
		82281CF01950029E0040F7A5 /* project2.app */ = {isa = PBXFileReference; explicitFileType = wrapper.application; includeInIndex = 0; path = project2.app; sourceTree = BUILT_PRODUCTS_DIR; };
		82281CF31950029E0040F7A5 /* Foundation.framework */ = {isa = PBXFileReference; lastKnownFileType = wrapper.framework; name = Foundation.framework; path = System/Library/Frameworks/Foundation.framework; sourceTree = SDKROOT; };
		82281CF51950029E0040F7A5 /* CoreGraphics.framework */ = {isa = PBXFileReference; lastKnownFileType = wrapper.framework; name = CoreGraphics.framework; path = System/Library/Frameworks/CoreGraphics.framework; sourceTree = SDKROOT; };
		82281CF71950029E0040F7A5 /* UIKit.framework */ = {isa = PBXFileReference; lastKnownFileType = wrapper.framework; name = UIKit.framework; path = System/Library/Frameworks/UIKit.framework; sourceTree = SDKROOT; };
		82281CFB1950029E0040F7A5 /* project2-Info.plist */ = {isa = PBXFileReference; lastKnownFileType = text.plist.xml; path = "project2-Info.plist"; sourceTree = "<group>"; };
		82281CFD1950029E0040F7A5 /* en */ = {isa = PBXFileReference; lastKnownFileType = text.plist.strings; name = en; path = en.lproj/InfoPlist.strings; sourceTree = "<group>"; };
		82281CFF1950029E0040F7A5 /* main.m */ = {isa = PBXFileReference; lastKnownFileType = sourcecode.c.objc; path = main.m; sourceTree = "<group>"; };
		82281D011950029E0040F7A5 /* project2-Prefix.pch */ = {isa = PBXFileReference; lastKnownFileType = sourcecode.c.h; path = "project2-Prefix.pch"; sourceTree = "<group>"; };
		82281D021950029E0040F7A5 /* AppDelegate.h */ = {isa = PBXFileReference; lastKnownFileType = sourcecode.c.h; path = AppDelegate.h; sourceTree = "<group>"; };
		82281D031950029E0040F7A5 /* AppDelegate.m */ = {isa = PBXFileReference; lastKnownFileType = sourcecode.c.objc; path = AppDelegate.m; sourceTree = "<group>"; };
		82281D061950029E0040F7A5 /* Base */ = {isa = PBXFileReference; lastKnownFileType = file.storyboard; name = Base; path = Base.lproj/Main_iPhone.storyboard; sourceTree = "<group>"; };
		82281D091950029E0040F7A5 /* Base */ = {isa = PBXFileReference; lastKnownFileType = file.storyboard; name = Base; path = Base.lproj/Main_iPad.storyboard; sourceTree = "<group>"; };
		82281D0B1950029E0040F7A5 /* ViewController.h */ = {isa = PBXFileReference; lastKnownFileType = sourcecode.c.h; path = ViewController.h; sourceTree = "<group>"; };
		82281D0C1950029E0040F7A5 /* ViewController.m */ = {isa = PBXFileReference; lastKnownFileType = sourcecode.c.objc; path = ViewController.m; sourceTree = "<group>"; };
		82281D0E1950029E0040F7A5 /* Images.xcassets */ = {isa = PBXFileReference; lastKnownFileType = folder.assetcatalog; path = Images.xcassets; sourceTree = "<group>"; };
		82281D141950029E0040F7A5 /* project2Tests.xctest */ = {isa = PBXFileReference; explicitFileType = wrapper.cfbundle; includeInIndex = 0; path = project2Tests.xctest; sourceTree = BUILT_PRODUCTS_DIR; };
		82281D151950029E0040F7A5 /* XCTest.framework */ = {isa = PBXFileReference; lastKnownFileType = wrapper.framework; name = XCTest.framework; path = Library/Frameworks/XCTest.framework; sourceTree = DEVELOPER_DIR; };
		82281D1D1950029E0040F7A5 /* project2Tests-Info.plist */ = {isa = PBXFileReference; lastKnownFileType = text.plist.xml; path = "project2Tests-Info.plist"; sourceTree = "<group>"; };
		82281D1F1950029E0040F7A5 /* en */ = {isa = PBXFileReference; lastKnownFileType = text.plist.strings; name = en; path = en.lproj/InfoPlist.strings; sourceTree = "<group>"; };
		82281D211950029E0040F7A5 /* project2Tests.m */ = {isa = PBXFileReference; lastKnownFileType = sourcecode.c.objc; path = project2Tests.m; sourceTree = "<group>"; };
/* End PBXFileReference section */

/* Begin PBXFrameworksBuildPhase section */
		82281CED1950029E0040F7A5 /* Frameworks */ = {
			isa = PBXFrameworksBuildPhase;
			buildActionMask = 2147483647;
			files = (
				82281CF61950029E0040F7A5 /* CoreGraphics.framework in Frameworks */,
				82281CF81950029E0040F7A5 /* UIKit.framework in Frameworks */,
				82281CF41950029E0040F7A5 /* Foundation.framework in Frameworks */,
			);
			runOnlyForDeploymentPostprocessing = 0;
		};
		82281D111950029E0040F7A5 /* Frameworks */ = {
			isa = PBXFrameworksBuildPhase;
			buildActionMask = 2147483647;
			files = (
				82281D161950029E0040F7A5 /* XCTest.framework in Frameworks */,
				82281D181950029E0040F7A5 /* UIKit.framework in Frameworks */,
				82281D171950029E0040F7A5 /* Foundation.framework in Frameworks */,
			);
			runOnlyForDeploymentPostprocessing = 0;
		};
/* End PBXFrameworksBuildPhase section */

/* Begin PBXGroup section */
		82281CE71950029E0040F7A5 = {
			isa = PBXGroup;
			children = (
				82281CF91950029E0040F7A5 /* project2 */,
				82281D1B1950029E0040F7A5 /* project2Tests */,
				82281CF21950029E0040F7A5 /* Frameworks */,
				82281CF11950029E0040F7A5 /* Products */,
			);
			sourceTree = "<group>";
		};
		82281CF11950029E0040F7A5 /* Products */ = {
			isa = PBXGroup;
			children = (
				82281CF01950029E0040F7A5 /* project2.app */,
				82281D141950029E0040F7A5 /* project2Tests.xctest */,
			);
			name = Products;
			sourceTree = "<group>";
		};
		82281CF21950029E0040F7A5 /* Frameworks */ = {
			isa = PBXGroup;
			children = (
				82281CF31950029E0040F7A5 /* Foundation.framework */,
				82281CF51950029E0040F7A5 /* CoreGraphics.framework */,
				82281CF71950029E0040F7A5 /* UIKit.framework */,
				82281D151950029E0040F7A5 /* XCTest.framework */,
			);
			name = Frameworks;
			sourceTree = "<group>";
		};
		82281CF91950029E0040F7A5 /* project2 */ = {
			isa = PBXGroup;
			children = (
				82281D021950029E0040F7A5 /* AppDelegate.h */,
				82281D031950029E0040F7A5 /* AppDelegate.m */,
				82281D051950029E0040F7A5 /* Main_iPhone.storyboard */,
				82281D081950029E0040F7A5 /* Main_iPad.storyboard */,
				82281D0B1950029E0040F7A5 /* ViewController.h */,
				82281D0C1950029E0040F7A5 /* ViewController.m */,
				82281D0E1950029E0040F7A5 /* Images.xcassets */,
				82281CFA1950029E0040F7A5 /* Supporting Files */,
			);
			path = project2;
			sourceTree = "<group>";
		};
		82281CFA1950029E0040F7A5 /* Supporting Files */ = {
			isa = PBXGroup;
			children = (
				82281CFB1950029E0040F7A5 /* project2-Info.plist */,
				82281CFC1950029E0040F7A5 /* InfoPlist.strings */,
				82281CFF1950029E0040F7A5 /* main.m */,
				82281D011950029E0040F7A5 /* project2-Prefix.pch */,
			);
			name = "Supporting Files";
			sourceTree = "<group>";
		};
		82281D1B1950029E0040F7A5 /* project2Tests */ = {
			isa = PBXGroup;
			children = (
				82281D211950029E0040F7A5 /* project2Tests.m */,
				82281D1C1950029E0040F7A5 /* Supporting Files */,
			);
			path = project2Tests;
			sourceTree = "<group>";
		};
		82281D1C1950029E0040F7A5 /* Supporting Files */ = {
			isa = PBXGroup;
			children = (
				82281D1D1950029E0040F7A5 /* project2Tests-Info.plist */,
				82281D1E1950029E0040F7A5 /* InfoPlist.strings */,
			);
			name = "Supporting Files";
			sourceTree = "<group>";
		};
/* End PBXGroup section */

/* Begin PBXNativeTarget section */
		82281CEF1950029E0040F7A5 /* project2 */ = {
			isa = PBXNativeTarget;
			buildConfigurationList = 82281D251950029E0040F7A5 /* Build configuration list for PBXNativeTarget "project2" */;
			buildPhases = (
				82281CEC1950029E0040F7A5 /* Sources */,
				82281CED1950029E0040F7A5 /* Frameworks */,
				82281CEE1950029E0040F7A5 /* Resources */,
			);
			buildRules = (
			);
			dependencies = (
			);
			name = project2;
			productName = project2;
			productReference = 82281CF01950029E0040F7A5 /* project2.app */;
			productType = "com.apple.product-type.application";
		};
		82281D131950029E0040F7A5 /* project2Tests */ = {
			isa = PBXNativeTarget;
			buildConfigurationList = 82281D281950029E0040F7A5 /* Build configuration list for PBXNativeTarget "project2Tests" */;
			buildPhases = (
				82281D101950029E0040F7A5 /* Sources */,
				82281D111950029E0040F7A5 /* Frameworks */,
				82281D121950029E0040F7A5 /* Resources */,
			);
			buildRules = (
			);
			dependencies = (
				82281D1A1950029E0040F7A5 /* PBXTargetDependency */,
			);
			name = project2Tests;
			productName = project2Tests;
			productReference = 82281D141950029E0040F7A5 /* project2Tests.xctest */;
			productType = "com.apple.product-type.bundle.unit-test";
		};
/* End PBXNativeTarget section */

/* Begin PBXProject section */
		82281CE81950029E0040F7A5 /* Project object */ = {
			isa = PBXProject;
			attributes = {
				LastUpgradeCheck = 0510;
				ORGANIZATIONNAME = hiteshree.ruparell;
				TargetAttributes = {
					82281D131950029E0040F7A5 = {
						TestTargetID = 82281CEF1950029E0040F7A5;
					};
				};
			};
			buildConfigurationList = 82281CEB1950029E0040F7A5 /* Build configuration list for PBXProject "project2" */;
			compatibilityVersion = "Xcode 3.2";
			developmentRegion = English;
			hasScannedForEncodings = 0;
			knownRegions = (
				en,
				Base,
			);
			mainGroup = 82281CE71950029E0040F7A5;
			productRefGroup = 82281CF11950029E0040F7A5 /* Products */;
			projectDirPath = "";
			projectRoot = "";
			targets = (
				82281CEF1950029E0040F7A5 /* project2 */,
				82281D131950029E0040F7A5 /* project2Tests */,
			);
		};
/* End PBXProject section */

/* Begin PBXResourcesBuildPhase section */
		82281CEE1950029E0040F7A5 /* Resources */ = {
			isa = PBXResourcesBuildPhase;
			buildActionMask = 2147483647;
			files = (
				82281D0A1950029E0040F7A5 /* Main_iPad.storyboard in Resources */,
				82281D0F1950029E0040F7A5 /* Images.xcassets in Resources */,
				82281D071950029E0040F7A5 /* Main_iPhone.storyboard in Resources */,
				82281CFE1950029E0040F7A5 /* InfoPlist.strings in Resources */,
			);
			runOnlyForDeploymentPostprocessing = 0;
		};
		82281D121950029E0040F7A5 /* Resources */ = {
			isa = PBXResourcesBuildPhase;
			buildActionMask = 2147483647;
			files = (
				82281D201950029E0040F7A5 /* InfoPlist.strings in Resources */,
			);
			runOnlyForDeploymentPostprocessing = 0;
		};
/* End PBXResourcesBuildPhase section */

/* Begin PBXSourcesBuildPhase section */
		82281CEC1950029E0040F7A5 /* Sources */ = {
			isa = PBXSourcesBuildPhase;
			buildActionMask = 2147483647;
			files = (
				82281D0D1950029E0040F7A5 /* ViewController.m in Sources */,
				82281D041950029E0040F7A5 /* AppDelegate.m in Sources */,
				82281D001950029E0040F7A5 /* main.m in Sources */,
			);
			runOnlyForDeploymentPostprocessing = 0;
		};
		82281D101950029E0040F7A5 /* Sources */ = {
			isa = PBXSourcesBuildPhase;
			buildActionMask = 2147483647;
			files = (
				82281D221950029E0040F7A5 /* project2Tests.m in Sources */,
			);
			runOnlyForDeploymentPostprocessing = 0;
		};
/* End PBXSourcesBuildPhase section */

/* Begin PBXTargetDependency section */
		82281D1A1950029E0040F7A5 /* PBXTargetDependency */ = {
			isa = PBXTargetDependency;
			target = 82281CEF1950029E0040F7A5 /* project2 */;
			targetProxy = 82281D191950029E0040F7A5 /* PBXContainerItemProxy */;
		};
/* End PBXTargetDependency section */

/* Begin PBXVariantGroup section */
		82281CFC1950029E0040F7A5 /* InfoPlist.strings */ = {
			isa = PBXVariantGroup;
			children = (
				82281CFD1950029E0040F7A5 /* en */,
			);
			name = InfoPlist.strings;
			sourceTree = "<group>";
		};
		82281D051950029E0040F7A5 /* Main_iPhone.storyboard */ = {
			isa = PBXVariantGroup;
			children = (
				82281D061950029E0040F7A5 /* Base */,
			);
			name = Main_iPhone.storyboard;
			sourceTree = "<group>";
		};
		82281D081950029E0040F7A5 /* Main_iPad.storyboard */ = {
			isa = PBXVariantGroup;
			children = (
				82281D091950029E0040F7A5 /* Base */,
			);
			name = Main_iPad.storyboard;
			sourceTree = "<group>";
		};
		82281D1E1950029E0040F7A5 /* InfoPlist.strings */ = {
			isa = PBXVariantGroup;
			children = (
				82281D1F1950029E0040F7A5 /* en */,
			);
			name = InfoPlist.strings;
			sourceTree = "<group>";
		};
/* End PBXVariantGroup section */

/* Begin XCBuildConfiguration section */
		82281D231950029E0040F7A5 /* Debug */ = {
			isa = XCBuildConfiguration;
			buildSettings = {
				ALWAYS_SEARCH_USER_PATHS = NO;
				CLANG_CXX_LANGUAGE_STANDARD = "gnu++0x";
				CLANG_CXX_LIBRARY = "libc++";
				CLANG_ENABLE_MODULES = YES;
				CLANG_ENABLE_OBJC_ARC = YES;
				CLANG_WARN_BOOL_CONVERSION = YES;
				CLANG_WARN_CONSTANT_CONVERSION = YES;
				CLANG_WARN_DIRECT_OBJC_ISA_USAGE = YES_ERROR;
				CLANG_WARN_EMPTY_BODY = YES;
				CLANG_WARN_ENUM_CONVERSION = YES;
				CLANG_WARN_INT_CONVERSION = YES;
				CLANG_WARN_OBJC_ROOT_CLASS = YES_ERROR;
				CLANG_WARN__DUPLICATE_METHOD_MATCH = YES;
				"CODE_SIGN_IDENTITY[sdk=iphoneos*]" = "iPhone Developer";
				COPY_PHASE_STRIP = NO;
				GCC_C_LANGUAGE_STANDARD = gnu99;
				GCC_DYNAMIC_NO_PIC = NO;
				GCC_OPTIMIZATION_LEVEL = 0;
				GCC_PREPROCESSOR_DEFINITIONS = (
					"DEBUG=1",
					"$(inherited)",
				);
				GCC_SYMBOLS_PRIVATE_EXTERN = NO;
				GCC_WARN_64_TO_32_BIT_CONVERSION = YES;
				GCC_WARN_ABOUT_RETURN_TYPE = YES_ERROR;
				GCC_WARN_UNDECLARED_SELECTOR = YES;
				GCC_WARN_UNINITIALIZED_AUTOS = YES_AGGRESSIVE;
				GCC_WARN_UNUSED_FUNCTION = YES;
				GCC_WARN_UNUSED_VARIABLE = YES;
				IPHONEOS_DEPLOYMENT_TARGET = 7.1;
				ONLY_ACTIVE_ARCH = YES;
				SDKROOT = iphoneos;
				TARGETED_DEVICE_FAMILY = "1,2";
			};
			name = Debug;
		};
		82281D241950029E0040F7A5 /* Release */ = {
			isa = XCBuildConfiguration;
			buildSettings = {
				ALWAYS_SEARCH_USER_PATHS = NO;
				CLANG_CXX_LANGUAGE_STANDARD = "gnu++0x";
				CLANG_CXX_LIBRARY = "libc++";
				CLANG_ENABLE_MODULES = YES;
				CLANG_ENABLE_OBJC_ARC = YES;
				CLANG_WARN_BOOL_CONVERSION = YES;
				CLANG_WARN_CONSTANT_CONVERSION = YES;
				CLANG_WARN_DIRECT_OBJC_ISA_USAGE = YES_ERROR;
				CLANG_WARN_EMPTY_BODY = YES;
				CLANG_WARN_ENUM_CONVERSION = YES;
				CLANG_WARN_INT_CONVERSION = YES;
				CLANG_WARN_OBJC_ROOT_CLASS = YES_ERROR;
				CLANG_WARN__DUPLICATE_METHOD_MATCH = YES;
				"CODE_SIGN_IDENTITY[sdk=iphoneos*]" = "iPhone Developer";
				COPY_PHASE_STRIP = YES;
				ENABLE_NS_ASSERTIONS = NO;
				GCC_C_LANGUAGE_STANDARD = gnu99;
				GCC_WARN_64_TO_32_BIT_CONVERSION = YES;
				GCC_WARN_ABOUT_RETURN_TYPE = YES_ERROR;
				GCC_WARN_UNDECLARED_SELECTOR = YES;
				GCC_WARN_UNINITIALIZED_AUTOS = YES_AGGRESSIVE;
				GCC_WARN_UNUSED_FUNCTION = YES;
				GCC_WARN_UNUSED_VARIABLE = YES;
				IPHONEOS_DEPLOYMENT_TARGET = 7.1;
				SDKROOT = iphoneos;
				TARGETED_DEVICE_FAMILY = "1,2";
				VALIDATE_PRODUCT = YES;
			};
			name = Release;
		};
		82281D261950029E0040F7A5 /* Debug */ = {
			isa = XCBuildConfiguration;
			buildSettings = {
				ASSETCATALOG_COMPILER_APPICON_NAME = AppIcon;
				ASSETCATALOG_COMPILER_LAUNCHIMAGE_NAME = LaunchImage;
				GCC_PRECOMPILE_PREFIX_HEADER = YES;
				GCC_PREFIX_HEADER = "project2/project2-Prefix.pch";
				INFOPLIST_FILE = "project2/project2-Info.plist";
				PRODUCT_NAME = "$(TARGET_NAME)";
				WRAPPER_EXTENSION = app;
			};
			name = Debug;
		};
		82281D271950029E0040F7A5 /* Release */ = {
			isa = XCBuildConfiguration;
			buildSettings = {
				ASSETCATALOG_COMPILER_APPICON_NAME = AppIcon;
				ASSETCATALOG_COMPILER_LAUNCHIMAGE_NAME = LaunchImage;
				GCC_PRECOMPILE_PREFIX_HEADER = YES;
				GCC_PREFIX_HEADER = "project2/project2-Prefix.pch";
				INFOPLIST_FILE = "project2/project2-Info.plist";
				PRODUCT_NAME = "$(TARGET_NAME)";
				WRAPPER_EXTENSION = app;
			};
			name = Release;
		};
		82281D291950029E0040F7A5 /* Debug */ = {
			isa = XCBuildConfiguration;
			buildSettings = {
				BUNDLE_LOADER = "$(BUILT_PRODUCTS_DIR)/project2.app/project2";
				FRAMEWORK_SEARCH_PATHS = (
					"$(SDKROOT)/Developer/Library/Frameworks",
					"$(inherited)",
					"$(DEVELOPER_FRAMEWORKS_DIR)",
				);
				GCC_PRECOMPILE_PREFIX_HEADER = YES;
				GCC_PREFIX_HEADER = "project2/project2-Prefix.pch";
				GCC_PREPROCESSOR_DEFINITIONS = (
					"DEBUG=1",
					"$(inherited)",
				);
				INFOPLIST_FILE = "project2Tests/project2Tests-Info.plist";
				PRODUCT_NAME = "$(TARGET_NAME)";
				TEST_HOST = "$(BUNDLE_LOADER)";
				WRAPPER_EXTENSION = xctest;
			};
			name = Debug;
		};
		82281D2A1950029E0040F7A5 /* Release */ = {
			isa = XCBuildConfiguration;
			buildSettings = {
				BUNDLE_LOADER = "$(BUILT_PRODUCTS_DIR)/project2.app/project2";
				FRAMEWORK_SEARCH_PATHS = (
					"$(SDKROOT)/Developer/Library/Frameworks",
					"$(inherited)",
					"$(DEVELOPER_FRAMEWORKS_DIR)",
				);
				GCC_PRECOMPILE_PREFIX_HEADER = YES;
				GCC_PREFIX_HEADER = "project2/project2-Prefix.pch";
				INFOPLIST_FILE = "project2Tests/project2Tests-Info.plist";
				PRODUCT_NAME = "$(TARGET_NAME)";
				TEST_HOST = "$(BUNDLE_LOADER)";
				WRAPPER_EXTENSION = xctest;
			};
			name = Release;
		};
/* End XCBuildConfiguration section */

/* Begin XCConfigurationList section */
		82281CEB1950029E0040F7A5 /* Build configuration list for PBXProject "project2" */ = {
			isa = XCConfigurationList;
			buildConfigurations = (
				82281D231950029E0040F7A5 /* Debug */,
				82281D241950029E0040F7A5 /* Release */,
			);
			defaultConfigurationIsVisible = 0;
			defaultConfigurationName = Release;
		};
		82281D251950029E0040F7A5 /* Build configuration list for PBXNativeTarget "project2" */ = {
			isa = XCConfigurationList;
			buildConfigurations = (
				82281D261950029E0040F7A5 /* Debug */,
				82281D271950029E0040F7A5 /* Release */,
			);
			defaultConfigurationIsVisible = 0;
		};
		82281D281950029E0040F7A5 /* Build configuration list for PBXNativeTarget "project2Tests" */ = {
			isa = XCConfigurationList;
			buildConfigurations = (
				82281D291950029E0040F7A5 /* Debug */,
				82281D2A1950029E0040F7A5 /* Release */,
			);
			defaultConfigurationIsVisible = 0;
		};
/* End XCConfigurationList section */
	};
	rootObject = 82281CE81950029E0040F7A5 /* Project object */;
}
